<Solution>
  <Configurations>
    <Platform Name="x64" />
    <Platform Name="x86" />
  </Configurations>
  <Project Path="bai1/bai1.vcxproj" />
  <Project Path="bai2/bai2.vcxproj" />
  <Project Path="bai3/bai3.vcxproj" />
  <Project Path="bai4/bai4.vcxproj" />
  <Project Path="bai5/bai5.vcxproj" />
  <Project Path="bai6/bai6.vcxproj" />
  <Project Path="bai7/bai7.vcxproj" />
</Solution>
